
Microsoft Visual Studio Solution File, Format Version 12.00
# Visual Studio Version 16
VisualStudioVersion = 16.0.29519.181
MinimumVisualStudioVersion = 10.0.40219.1
Project("{9A19103F-16F7-4668-BE54-9A1E7A4F7556}") = "HDF5.NET", "src\HDF5.NET\HDF5.NET.csproj", "{CDDD9838-6BB3-4842-BFC8-396ED82C798E}"
EndProject
Project("{2150E333-8FDC-42A3-9474-1A3956D46DE8}") = "src", "src", "{4C09E841-1023-48F7-B290-734C029B0E78}"
EndProject
Project("{2150E333-8FDC-42A3-9474-1A3956D46DE8}") = "tests", "tests", "{9C8A732F-BE85-4461-A789-B19CD4B70C90}"
EndProject
Project("{9A19103F-16F7-4668-BE54-9A1E7A4F7556}") = "HDF5.NET.Tests", "tests\HDF5.NET.Tests\HDF5.NET.Tests.csproj", "{07AF7465-5088-4AD2-A88E-BA6582F54AFD}"
EndProject
Project("{2150E333-8FDC-42A3-9474-1A3956D46DE8}") = "Solution Items", "Solution Items", "{8B9AF370-616F-4E6F-961E-5DFEC1620A2F}"
	ProjectSection(SolutionItems) = preProject
		.appveyor.yml = .appveyor.yml
		.gitignore = .gitignore
		Directory.Build.props = Directory.Build.props
		Directory.Build.targets = Directory.Build.targets
		LICENSE.md = LICENSE.md
		README.md = README.md
	EndProjectSection
EndProject
Project("{2150E333-8FDC-42A3-9474-1A3956D46DE8}") = "Build", "Build", "{9FB687C9-0A8D-4960-82A1-7CCB6ED13144}"
	ProjectSection(SolutionItems) = preProject
		build\build.props = build\build.props
		build\build.targets = build\build.targets
	EndProjectSection
EndProject
Project("{FAE04EC0-301F-11D3-BF4B-00C04F79EFBC}") = "HDF5.NET.BlazorBrowser", "src\HDF5.NET.BlazorBrowser\HDF5.NET.BlazorBrowser.csproj", "{219FC23D-2C50-45AF-AA97-EAC4881D3812}"
EndProject
Global
	GlobalSection(SolutionConfigurationPlatforms) = preSolution
		Debug|Any CPU = Debug|Any CPU
		Release|Any CPU = Release|Any CPU
	EndGlobalSection
	GlobalSection(ProjectConfigurationPlatforms) = postSolution
		{CDDD9838-6BB3-4842-BFC8-396ED82C798E}.Debug|Any CPU.ActiveCfg = Debug|Any CPU
		{CDDD9838-6BB3-4842-BFC8-396ED82C798E}.Debug|Any CPU.Build.0 = Debug|Any CPU
		{CDDD9838-6BB3-4842-BFC8-396ED82C798E}.Release|Any CPU.ActiveCfg = Release|Any CPU
		{CDDD9838-6BB3-4842-BFC8-396ED82C798E}.Release|Any CPU.Build.0 = Release|Any CPU
		{07AF7465-5088-4AD2-A88E-BA6582F54AFD}.Debug|Any CPU.ActiveCfg = Debug|Any CPU
		{07AF7465-5088-4AD2-A88E-BA6582F54AFD}.Debug|Any CPU.Build.0 = Debug|Any CPU
		{07AF7465-5088-4AD2-A88E-BA6582F54AFD}.Release|Any CPU.ActiveCfg = Release|Any CPU
		{07AF7465-5088-4AD2-A88E-BA6582F54AFD}.Release|Any CPU.Build.0 = Release|Any CPU
		{219FC23D-2C50-45AF-AA97-EAC4881D3812}.Debug|Any CPU.ActiveCfg = Debug|Any CPU
		{219FC23D-2C50-45AF-AA97-EAC4881D3812}.Debug|Any CPU.Build.0 = Debug|Any CPU
		{219FC23D-2C50-45AF-AA97-EAC4881D3812}.Release|Any CPU.ActiveCfg = Release|Any CPU
		{219FC23D-2C50-45AF-AA97-EAC4881D3812}.Release|Any CPU.Build.0 = Release|Any CPU
	EndGlobalSection
	GlobalSection(SolutionProperties) = preSolution
		HideSolutionNode = FALSE
	EndGlobalSection
	GlobalSection(NestedProjects) = preSolution
		{CDDD9838-6BB3-4842-BFC8-396ED82C798E} = {4C09E841-1023-48F7-B290-734C029B0E78}
		{07AF7465-5088-4AD2-A88E-BA6582F54AFD} = {9C8A732F-BE85-4461-A789-B19CD4B70C90}
		{9FB687C9-0A8D-4960-82A1-7CCB6ED13144} = {8B9AF370-616F-4E6F-961E-5DFEC1620A2F}
		{219FC23D-2C50-45AF-AA97-EAC4881D3812} = {4C09E841-1023-48F7-B290-734C029B0E78}
	EndGlobalSection
	GlobalSection(ExtensibilityGlobals) = postSolution
		SolutionGuid = {6278E75D-2E06-43AB-A275-270476503447}
	EndGlobalSection
EndGlobal
