
Microsoft Visual Studio Solution File, Format Version 12.00
# Visual Studio Version 17
VisualStudioVersion = 17.5.002.0
MinimumVisualStudioVersion = 10.0.40219.1
Project("{9A19103F-16F7-4668-BE54-9A1E7A4F7556}") = "PureHDF.Filters.Deflate.ISA-L", "PureHDF.Filters.Deflate.ISA-L.csproj", "{5902D65C-2C27-4D41-9561-6D4E8AE15DC1}"
EndProject
Global
	GlobalSection(SolutionConfigurationPlatforms) = preSolution
		Debug|Any CPU = Debug|Any CPU
		Release|Any CPU = Release|Any CPU
	EndGlobalSection
	GlobalSection(ProjectConfigurationPlatforms) = postSolution
		{5902D65C-2C27-4D41-9561-6D4E8AE15DC1}.Debug|Any CPU.ActiveCfg = Debug|Any CPU
		{5902D65C-2C27-4D41-9561-6D4E8AE15DC1}.Debug|Any CPU.Build.0 = Debug|Any CPU
		{5902D65C-2C27-4D41-9561-6D4E8AE15DC1}.Release|Any CPU.ActiveCfg = Release|Any CPU
		{5902D65C-2C27-4D41-9561-6D4E8AE15DC1}.Release|Any CPU.Build.0 = Release|Any CPU
	EndGlobalSection
	GlobalSection(SolutionProperties) = preSolution
		HideSolutionNode = FALSE
	EndGlobalSection
	GlobalSection(ExtensibilityGlobals) = postSolution
		SolutionGuid = {9F3BCBE6-97B3-4F86-8822-A01A83D44F21}
	EndGlobalSection
EndGlobal
